
Microsoft Visual Studio Solution File, Format Version 12.00
# Visual Studio Version 16
VisualStudioVersion = 16.0.29519.87
MinimumVisualStudioVersion = 10.0.40219.1
Project("{FAE04EC0-301F-11D3-BF4B-00C04F79EFBC}") = "WinDirCmp", "WinDirCmp\WinDirCmp.csproj", "{5494D758-20DB-4440-BB12-BD71394A9A56}"
EndProject
Global
	GlobalSection(SolutionConfigurationPlatforms) = preSolution
		Debug|Any CPU = Debug|Any CPU
		Release|Any CPU = Release|Any CPU
	EndGlobalSection
	GlobalSection(ProjectConfigurationPlatforms) = postSolution
		{5494D758-20DB-4440-BB12-BD71394A9A56}.Debug|Any CPU.ActiveCfg = Debug|Any CPU
		{5494D758-20DB-4440-BB12-BD71394A9A56}.Debug|Any CPU.Build.0 = Debug|Any CPU
		{5494D758-20DB-4440-BB12-BD71394A9A56}.Release|Any CPU.ActiveCfg = Release|Any CPU
		{5494D758-20DB-4440-BB12-BD71394A9A56}.Release|Any CPU.Build.0 = Release|Any CPU
	EndGlobalSection
	GlobalSection(SolutionProperties) = preSolution
		HideSolutionNode = FALSE
	EndGlobalSection
	GlobalSection(ExtensibilityGlobals) = postSolution
		SolutionGuid = {393DF3D5-96E0-477C-B2E6-49479B7642A2}
	EndGlobalSection
EndGlobal
